{
  "name": "hackclub-project-ideas",
  "version": "1.0.0",
  "lockfileVersion": 3,
  "requires": true,
  "packages": {
    "": {
      "name": "hackclub-project-ideas",
      "version": "1.0.0",
      "dependencies": {
        "keyking-sdk": "latest"
      }
    },
    "node_modules/keyking-sdk": {
      "version": "3.0.1",
      "resolved": "https://registry.npmjs.org/keyking-sdk/-/keyking-sdk-3.0.1.tgz",
      "integrity": "sha512-tha4tZ3BfzBwj4K30ZY6WzQrVtRsil3EeRIslHIR+Mi4qu55WRw7hy1NRaFBjxs9xbZLSAhyM0U7lde8NZyn0Q==",
      "license": "MIT",
      "engines": {
        "node": ">=18.0.0"
      }
    }
  }
}
